// !$*UTF8*$!
{
	archiveVersion = 1;
	classes = {
	};
	objectVersion = 55;
	objects = {

/* Begin PBXBuildFile section */
		4F1204792894741D007C8DA9 /* PersonProgressView.swift in Sources */ = {isa = PBXBuildFile; fileRef = 4F1204782894741D007C8DA9 /* PersonProgressView.swift */; };
		4F12047B28948236007C8DA9 /* Gradient+Extensions.swift in Sources */ = {isa = PBXBuildFile; fileRef = 4F12047A28948236007C8DA9 /* Gradient+Extensions.swift */; };
		4F12047D28948249007C8DA9 /* SendState.swift in Sources */ = {isa = PBXBuildFile; fileRef = 4F12047C28948249007C8DA9 /* SendState.swift */; };
		4F1204812894828C007C8DA9 /* AirdropView.swift in Sources */ = {isa = PBXBuildFile; fileRef = 4F1204802894828C007C8DA9 /* AirdropView.swift */; };
		4F1204832894829E007C8DA9 /* AirdropTargetView.swift in Sources */ = {isa = PBXBuildFile; fileRef = 4F1204822894829E007C8DA9 /* AirdropTargetView.swift */; };
		4F1204872894832B007C8DA9 /* AirdropTargetViewModel.swift in Sources */ = {isa = PBXBuildFile; fileRef = 4F1204862894832B007C8DA9 /* AirdropTargetViewModel.swift */; };
		4F52C8F8289447FF002500A9 /* Challenge2App.swift in Sources */ = {isa = PBXBuildFile; fileRef = 4F52C8F7289447FF002500A9 /* Challenge2App.swift */; };
		4F52C8FA289447FF002500A9 /* ContentView.swift in Sources */ = {isa = PBXBuildFile; fileRef = 4F52C8F9289447FF002500A9 /* ContentView.swift */; };
		4F52C8FC28944800002500A9 /* Assets.xcassets in Resources */ = {isa = PBXBuildFile; fileRef = 4F52C8FB28944800002500A9 /* Assets.xcassets */; };
		4F52C8FF28944800002500A9 /* Preview Assets.xcassets in Resources */ = {isa = PBXBuildFile; fileRef = 4F52C8FE28944800002500A9 /* Preview Assets.xcassets */; };
/* End PBXBuildFile section */

/* Begin PBXFileReference section */
		4F1204782894741D007C8DA9 /* PersonProgressView.swift */ = {isa = PBXFileReference; lastKnownFileType = sourcecode.swift; path = PersonProgressView.swift; sourceTree = "<group>"; };
		4F12047A28948236007C8DA9 /* Gradient+Extensions.swift */ = {isa = PBXFileReference; lastKnownFileType = sourcecode.swift; path = "Gradient+Extensions.swift"; sourceTree = "<group>"; };
		4F12047C28948249007C8DA9 /* SendState.swift */ = {isa = PBXFileReference; lastKnownFileType = sourcecode.swift; path = SendState.swift; sourceTree = "<group>"; };
		4F1204802894828C007C8DA9 /* AirdropView.swift */ = {isa = PBXFileReference; lastKnownFileType = sourcecode.swift; path = AirdropView.swift; sourceTree = "<group>"; };
		4F1204822894829E007C8DA9 /* AirdropTargetView.swift */ = {isa = PBXFileReference; lastKnownFileType = sourcecode.swift; path = AirdropTargetView.swift; sourceTree = "<group>"; };
		4F1204862894832B007C8DA9 /* AirdropTargetViewModel.swift */ = {isa = PBXFileReference; lastKnownFileType = sourcecode.swift; path = AirdropTargetViewModel.swift; sourceTree = "<group>"; };
		4F52C8F4289447FF002500A9 /* Challenge2.app */ = {isa = PBXFileReference; explicitFileType = wrapper.application; includeInIndex = 0; path = Challenge2.app; sourceTree = BUILT_PRODUCTS_DIR; };
		4F52C8F7289447FF002500A9 /* Challenge2App.swift */ = {isa = PBXFileReference; lastKnownFileType = sourcecode.swift; path = Challenge2App.swift; sourceTree = "<group>"; };
		4F52C8F9289447FF002500A9 /* ContentView.swift */ = {isa = PBXFileReference; lastKnownFileType = sourcecode.swift; path = ContentView.swift; sourceTree = "<group>"; };
		4F52C8FB28944800002500A9 /* Assets.xcassets */ = {isa = PBXFileReference; lastKnownFileType = folder.assetcatalog; path = Assets.xcassets; sourceTree = "<group>"; };
		4F52C8FE28944800002500A9 /* Preview Assets.xcassets */ = {isa = PBXFileReference; lastKnownFileType = folder.assetcatalog; path = "Preview Assets.xcassets"; sourceTree = "<group>"; };
/* End PBXFileReference section */

/* Begin PBXFrameworksBuildPhase section */
		4F52C8F1289447FF002500A9 /* Frameworks */ = {
			isa = PBXFrameworksBuildPhase;
			buildActionMask = 2147483647;
			files = (
			);
			runOnlyForDeploymentPostprocessing = 0;
		};
/* End PBXFrameworksBuildPhase section */

/* Begin PBXGroup section */
		4F120484289482DA007C8DA9 /* Extensions */ = {
			isa = PBXGroup;
			children = (
				4F12047A28948236007C8DA9 /* Gradient+Extensions.swift */,
			);
			path = Extensions;
			sourceTree = "<group>";
		};
		4F1204882894833A007C8DA9 /* AirdropTargetView */ = {
			isa = PBXGroup;
			children = (
				4F1204822894829E007C8DA9 /* AirdropTargetView.swift */,
				4F1204862894832B007C8DA9 /* AirdropTargetViewModel.swift */,
				4F1204782894741D007C8DA9 /* PersonProgressView.swift */,
				4F12047C28948249007C8DA9 /* SendState.swift */,
			);
			path = AirdropTargetView;
			sourceTree = "<group>";
		};
		4F12048928948350007C8DA9 /* Views */ = {
			isa = PBXGroup;
			children = (
				4F1204802894828C007C8DA9 /* AirdropView.swift */,
				4F1204882894833A007C8DA9 /* AirdropTargetView */,
			);
			path = Views;
			sourceTree = "<group>";
		};
		4F52C8EB289447FF002500A9 = {
			isa = PBXGroup;
			children = (
				4F52C8F6289447FF002500A9 /* Challenge2 */,
				4F52C8F5289447FF002500A9 /* Products */,
			);
			sourceTree = "<group>";
		};
		4F52C8F5289447FF002500A9 /* Products */ = {
			isa = PBXGroup;
			children = (
				4F52C8F4289447FF002500A9 /* Challenge2.app */,
			);
			name = Products;
			sourceTree = "<group>";
		};
		4F52C8F6289447FF002500A9 /* Challenge2 */ = {
			isa = PBXGroup;
			children = (
				4F52C8F7289447FF002500A9 /* Challenge2App.swift */,
				4F52C8F9289447FF002500A9 /* ContentView.swift */,
				4F12048928948350007C8DA9 /* Views */,
				4F120484289482DA007C8DA9 /* Extensions */,
				4F52C8FB28944800002500A9 /* Assets.xcassets */,
				4F52C8FD28944800002500A9 /* Preview Content */,
			);
			path = Challenge2;
			sourceTree = "<group>";
		};
		4F52C8FD28944800002500A9 /* Preview Content */ = {
			isa = PBXGroup;
			children = (
				4F52C8FE28944800002500A9 /* Preview Assets.xcassets */,
			);
			path = "Preview Content";
			sourceTree = "<group>";
		};
/* End PBXGroup section */

/* Begin PBXNativeTarget section */
		4F52C8F3289447FF002500A9 /* Challenge2 */ = {
			isa = PBXNativeTarget;
			buildConfigurationList = 4F52C90228944800002500A9 /* Build configuration list for PBXNativeTarget "Challenge2" */;
			buildPhases = (
				4F52C8F0289447FF002500A9 /* Sources */,
				4F52C8F1289447FF002500A9 /* Frameworks */,
				4F52C8F2289447FF002500A9 /* Resources */,
			);
			buildRules = (
			);
			dependencies = (
			);
			name = Challenge2;
			productName = Challenge2;
			productReference = 4F52C8F4289447FF002500A9 /* Challenge2.app */;
			productType = "com.apple.product-type.application";
		};
/* End PBXNativeTarget section */

/* Begin PBXProject section */
		4F52C8EC289447FF002500A9 /* Project object */ = {
			isa = PBXProject;
			attributes = {
				BuildIndependentTargetsInParallel = 1;
				LastSwiftUpdateCheck = 1340;
				LastUpgradeCheck = 1340;
				TargetAttributes = {
					4F52C8F3289447FF002500A9 = {
						CreatedOnToolsVersion = 13.4.1;
					};
				};
			};
			buildConfigurationList = 4F52C8EF289447FF002500A9 /* Build configuration list for PBXProject "Challenge2" */;
			compatibilityVersion = "Xcode 13.0";
			developmentRegion = en;
			hasScannedForEncodings = 0;
			knownRegions = (
				en,
				Base,
			);
			mainGroup = 4F52C8EB289447FF002500A9;
			productRefGroup = 4F52C8F5289447FF002500A9 /* Products */;
			projectDirPath = "";
			projectRoot = "";
			targets = (
				4F52C8F3289447FF002500A9 /* Challenge2 */,
			);
		};
/* End PBXProject section */

/* Begin PBXResourcesBuildPhase section */
		4F52C8F2289447FF002500A9 /* Resources */ = {
			isa = PBXResourcesBuildPhase;
			buildActionMask = 2147483647;
			files = (
				4F52C8FF28944800002500A9 /* Preview Assets.xcassets in Resources */,
				4F52C8FC28944800002500A9 /* Assets.xcassets in Resources */,
			);
			runOnlyForDeploymentPostprocessing = 0;
		};
/* End PBXResourcesBuildPhase section */

/* Begin PBXSourcesBuildPhase section */
		4F52C8F0289447FF002500A9 /* Sources */ = {
			isa = PBXSourcesBuildPhase;
			buildActionMask = 2147483647;
			files = (
				4F52C8FA289447FF002500A9 /* ContentView.swift in Sources */,
				4F12047B28948236007C8DA9 /* Gradient+Extensions.swift in Sources */,
				4F1204792894741D007C8DA9 /* PersonProgressView.swift in Sources */,
				4F12047D28948249007C8DA9 /* SendState.swift in Sources */,
				4F1204872894832B007C8DA9 /* AirdropTargetViewModel.swift in Sources */,
				4F1204812894828C007C8DA9 /* AirdropView.swift in Sources */,
				4F1204832894829E007C8DA9 /* AirdropTargetView.swift in Sources */,
				4F52C8F8289447FF002500A9 /* Challenge2App.swift in Sources */,
			);
			runOnlyForDeploymentPostprocessing = 0;
		};
/* End PBXSourcesBuildPhase section */

/* Begin XCBuildConfiguration section */
		4F52C90028944800002500A9 /* Debug */ = {
			isa = XCBuildConfiguration;
			buildSettings = {
				ALWAYS_SEARCH_USER_PATHS = NO;
				CLANG_ANALYZER_NONNULL = YES;
				CLANG_ANALYZER_NUMBER_OBJECT_CONVERSION = YES_AGGRESSIVE;
				CLANG_CXX_LANGUAGE_STANDARD = "gnu++17";
				CLANG_ENABLE_MODULES = YES;
				CLANG_ENABLE_OBJC_ARC = YES;
				CLANG_ENABLE_OBJC_WEAK = YES;
				CLANG_WARN_BLOCK_CAPTURE_AUTORELEASING = YES;
				CLANG_WARN_BOOL_CONVERSION = YES;
				CLANG_WARN_COMMA = YES;
				CLANG_WARN_CONSTANT_CONVERSION = YES;
				CLANG_WARN_DEPRECATED_OBJC_IMPLEMENTATIONS = YES;
				CLANG_WARN_DIRECT_OBJC_ISA_USAGE = YES_ERROR;
				CLANG_WARN_DOCUMENTATION_COMMENTS = YES;
				CLANG_WARN_EMPTY_BODY = YES;
				CLANG_WARN_ENUM_CONVERSION = YES;
				CLANG_WARN_INFINITE_RECURSION = YES;
				CLANG_WARN_INT_CONVERSION = YES;
				CLANG_WARN_NON_LITERAL_NULL_CONVERSION = YES;
				CLANG_WARN_OBJC_IMPLICIT_RETAIN_SELF = YES;
				CLANG_WARN_OBJC_LITERAL_CONVERSION = YES;
				CLANG_WARN_OBJC_ROOT_CLASS = YES_ERROR;
				CLANG_WARN_QUOTED_INCLUDE_IN_FRAMEWORK_HEADER = YES;
				CLANG_WARN_RANGE_LOOP_ANALYSIS = YES;
				CLANG_WARN_STRICT_PROTOTYPES = YES;
				CLANG_WARN_SUSPICIOUS_MOVE = YES;
				CLANG_WARN_UNGUARDED_AVAILABILITY = YES_AGGRESSIVE;
				CLANG_WARN_UNREACHABLE_CODE = YES;
				CLANG_WARN__DUPLICATE_METHOD_MATCH = YES;
				COPY_PHASE_STRIP = NO;
				DEBUG_INFORMATION_FORMAT = dwarf;
				ENABLE_STRICT_OBJC_MSGSEND = YES;
				ENABLE_TESTABILITY = YES;
				GCC_C_LANGUAGE_STANDARD = gnu11;
				GCC_DYNAMIC_NO_PIC = NO;
				GCC_NO_COMMON_BLOCKS = YES;
				GCC_OPTIMIZATION_LEVEL = 0;
				GCC_PREPROCESSOR_DEFINITIONS = (
					"DEBUG=1",
					"$(inherited)",
				);
				GCC_WARN_64_TO_32_BIT_CONVERSION = YES;
				GCC_WARN_ABOUT_RETURN_TYPE = YES_ERROR;
				GCC_WARN_UNDECLARED_SELECTOR = YES;
				GCC_WARN_UNINITIALIZED_AUTOS = YES_AGGRESSIVE;
				GCC_WARN_UNUSED_FUNCTION = YES;
				GCC_WARN_UNUSED_VARIABLE = YES;
				IPHONEOS_DEPLOYMENT_TARGET = 15.5;
				MTL_ENABLE_DEBUG_INFO = INCLUDE_SOURCE;
				MTL_FAST_MATH = YES;
				ONLY_ACTIVE_ARCH = YES;
				SDKROOT = iphoneos;
				SWIFT_ACTIVE_COMPILATION_CONDITIONS = DEBUG;
				SWIFT_OPTIMIZATION_LEVEL = "-Onone";
			};
			name = Debug;
		};
		4F52C90128944800002500A9 /* Release */ = {
			isa = XCBuildConfiguration;
			buildSettings = {
				ALWAYS_SEARCH_USER_PATHS = NO;
				CLANG_ANALYZER_NONNULL = YES;
				CLANG_ANALYZER_NUMBER_OBJECT_CONVERSION = YES_AGGRESSIVE;
				CLANG_CXX_LANGUAGE_STANDARD = "gnu++17";
				CLANG_ENABLE_MODULES = YES;
				CLANG_ENABLE_OBJC_ARC = YES;
				CLANG_ENABLE_OBJC_WEAK = YES;
				CLANG_WARN_BLOCK_CAPTURE_AUTORELEASING = YES;
				CLANG_WARN_BOOL_CONVERSION = YES;
				CLANG_WARN_COMMA = YES;
				CLANG_WARN_CONSTANT_CONVERSION = YES;
				CLANG_WARN_DEPRECATED_OBJC_IMPLEMENTATIONS = YES;
				CLANG_WARN_DIRECT_OBJC_ISA_USAGE = YES_ERROR;
				CLANG_WARN_DOCUMENTATION_COMMENTS = YES;
				CLANG_WARN_EMPTY_BODY = YES;
				CLANG_WARN_ENUM_CONVERSION = YES;
				CLANG_WARN_INFINITE_RECURSION = YES;
				CLANG_WARN_INT_CONVERSION = YES;
				CLANG_WARN_NON_LITERAL_NULL_CONVERSION = YES;
				CLANG_WARN_OBJC_IMPLICIT_RETAIN_SELF = YES;
				CLANG_WARN_OBJC_LITERAL_CONVERSION = YES;
				CLANG_WARN_OBJC_ROOT_CLASS = YES_ERROR;
				CLANG_WARN_QUOTED_INCLUDE_IN_FRAMEWORK_HEADER = YES;
				CLANG_WARN_RANGE_LOOP_ANALYSIS = YES;
				CLANG_WARN_STRICT_PROTOTYPES = YES;
				CLANG_WARN_SUSPICIOUS_MOVE = YES;
				CLANG_WARN_UNGUARDED_AVAILABILITY = YES_AGGRESSIVE;
				CLANG_WARN_UNREACHABLE_CODE = YES;
				CLANG_WARN__DUPLICATE_METHOD_MATCH = YES;
				COPY_PHASE_STRIP = NO;
				DEBUG_INFORMATION_FORMAT = "dwarf-with-dsym";
				ENABLE_NS_ASSERTIONS = NO;
				ENABLE_STRICT_OBJC_MSGSEND = YES;
				GCC_C_LANGUAGE_STANDARD = gnu11;
				GCC_NO_COMMON_BLOCKS = YES;
				GCC_WARN_64_TO_32_BIT_CONVERSION = YES;
				GCC_WARN_ABOUT_RETURN_TYPE = YES_ERROR;
				GCC_WARN_UNDECLARED_SELECTOR = YES;
				GCC_WARN_UNINITIALIZED_AUTOS = YES_AGGRESSIVE;
				GCC_WARN_UNUSED_FUNCTION = YES;
				GCC_WARN_UNUSED_VARIABLE = YES;
				IPHONEOS_DEPLOYMENT_TARGET = 15.5;
				MTL_ENABLE_DEBUG_INFO = NO;
				MTL_FAST_MATH = YES;
				SDKROOT = iphoneos;
				SWIFT_COMPILATION_MODE = wholemodule;
				SWIFT_OPTIMIZATION_LEVEL = "-O";
				VALIDATE_PRODUCT = YES;
			};
			name = Release;
		};
		4F52C90328944800002500A9 /* Debug */ = {
			isa = XCBuildConfiguration;
			buildSettings = {
				ASSETCATALOG_COMPILER_APPICON_NAME = AppIcon;
				ASSETCATALOG_COMPILER_GLOBAL_ACCENT_COLOR_NAME = AccentColor;
				CODE_SIGN_STYLE = Automatic;
				CURRENT_PROJECT_VERSION = 1;
				DEVELOPMENT_ASSET_PATHS = "\"Challenge2/Preview Content\"";
				DEVELOPMENT_TEAM = L2FL95P32D;
				ENABLE_PREVIEWS = YES;
				GENERATE_INFOPLIST_FILE = YES;
				INFOPLIST_KEY_UIApplicationSceneManifest_Generation = YES;
				INFOPLIST_KEY_UIApplicationSupportsIndirectInputEvents = YES;
				INFOPLIST_KEY_UILaunchScreen_Generation = YES;
				INFOPLIST_KEY_UISupportedInterfaceOrientations_iPad = "UIInterfaceOrientationPortrait UIInterfaceOrientationPortraitUpsideDown UIInterfaceOrientationLandscapeLeft UIInterfaceOrientationLandscapeRight";
				INFOPLIST_KEY_UISupportedInterfaceOrientations_iPhone = "UIInterfaceOrientationPortrait UIInterfaceOrientationLandscapeLeft UIInterfaceOrientationLandscapeRight";
				LD_RUNPATH_SEARCH_PATHS = (
					"$(inherited)",
					"@executable_path/Frameworks",
				);
				MARKETING_VERSION = 1.0;
				PRODUCT_BUNDLE_IDENTIFIER = me.MattPfeiffer.SwiftUIChallenge2;
				PRODUCT_NAME = "$(TARGET_NAME)";
				SWIFT_EMIT_LOC_STRINGS = YES;
				SWIFT_VERSION = 5.0;
				TARGETED_DEVICE_FAMILY = "1,2";
			};
			name = Debug;
		};
		4F52C90428944800002500A9 /* Release */ = {
			isa = XCBuildConfiguration;
			buildSettings = {
				ASSETCATALOG_COMPILER_APPICON_NAME = AppIcon;
				ASSETCATALOG_COMPILER_GLOBAL_ACCENT_COLOR_NAME = AccentColor;
				CODE_SIGN_STYLE = Automatic;
				CURRENT_PROJECT_VERSION = 1;
				DEVELOPMENT_ASSET_PATHS = "\"Challenge2/Preview Content\"";
				DEVELOPMENT_TEAM = L2FL95P32D;
				ENABLE_PREVIEWS = YES;
				GENERATE_INFOPLIST_FILE = YES;
				INFOPLIST_KEY_UIApplicationSceneManifest_Generation = YES;
				INFOPLIST_KEY_UIApplicationSupportsIndirectInputEvents = YES;
				INFOPLIST_KEY_UILaunchScreen_Generation = YES;
				INFOPLIST_KEY_UISupportedInterfaceOrientations_iPad = "UIInterfaceOrientationPortrait UIInterfaceOrientationPortraitUpsideDown UIInterfaceOrientationLandscapeLeft UIInterfaceOrientationLandscapeRight";
				INFOPLIST_KEY_UISupportedInterfaceOrientations_iPhone = "UIInterfaceOrientationPortrait UIInterfaceOrientationLandscapeLeft UIInterfaceOrientationLandscapeRight";
				LD_RUNPATH_SEARCH_PATHS = (
					"$(inherited)",
					"@executable_path/Frameworks",
				);
				MARKETING_VERSION = 1.0;
				PRODUCT_BUNDLE_IDENTIFIER = me.MattPfeiffer.SwiftUIChallenge2;
				PRODUCT_NAME = "$(TARGET_NAME)";
				SWIFT_EMIT_LOC_STRINGS = YES;
				SWIFT_VERSION = 5.0;
				TARGETED_DEVICE_FAMILY = "1,2";
			};
			name = Release;
		};
/* End XCBuildConfiguration section */

/* Begin XCConfigurationList section */
		4F52C8EF289447FF002500A9 /* Build configuration list for PBXProject "Challenge2" */ = {
			isa = XCConfigurationList;
			buildConfigurations = (
				4F52C90028944800002500A9 /* Debug */,
				4F52C90128944800002500A9 /* Release */,
			);
			defaultConfigurationIsVisible = 0;
			defaultConfigurationName = Release;
		};
		4F52C90228944800002500A9 /* Build configuration list for PBXNativeTarget "Challenge2" */ = {
			isa = XCConfigurationList;
			buildConfigurations = (
				4F52C90328944800002500A9 /* Debug */,
				4F52C90428944800002500A9 /* Release */,
			);
			defaultConfigurationIsVisible = 0;
			defaultConfigurationName = Release;
		};
/* End XCConfigurationList section */
	};
	rootObject = 4F52C8EC289447FF002500A9 /* Project object */;
}
