// !$*UTF8*$!
{
	archiveVersion = 1;
	classes = {
	};
	objectVersion = 56;
	objects = {

/* Begin PBXBuildFile section */
		1ECE48BE2895BBA600003C83 /* AirDropApp.swift in Sources */ = {isa = PBXBuildFile; fileRef = 1ECE48BD2895BBA600003C83 /* AirDropApp.swift */; };
		1ECE48C02895BBA600003C83 /* ContentView.swift in Sources */ = {isa = PBXBuildFile; fileRef = 1ECE48BF2895BBA600003C83 /* ContentView.swift */; };
		1ECE48C22895BBA900003C83 /* Assets.xcassets in Resources */ = {isa = PBXBuildFile; fileRef = 1ECE48C12895BBA900003C83 /* Assets.xcassets */; };
		1ECE48C62895BBA900003C83 /* Preview Assets.xcassets in Resources */ = {isa = PBXBuildFile; fileRef = 1ECE48C52895BBA900003C83 /* Preview Assets.xcassets */; };
		1ECE48CF2895D10B00003C83 /* AirDropAvatarViewModel.swift in Sources */ = {isa = PBXBuildFile; fileRef = 1ECE48CE2895D10B00003C83 /* AirDropAvatarViewModel.swift */; };
		1ECE48D52895F10D00003C83 /* Task+sleep.swift in Sources */ = {isa = PBXBuildFile; fileRef = 1ECE48D42895F10D00003C83 /* Task+sleep.swift */; };
		1ECE48DB2895FCE000003C83 /* RingProgressViewStyle.swift in Sources */ = {isa = PBXBuildFile; fileRef = 1ECE48DA2895FCE000003C83 /* RingProgressViewStyle.swift */; };
		1ECE48DD2896049700003C83 /* AirDropAvatar.swift in Sources */ = {isa = PBXBuildFile; fileRef = 1ECE48DC2896049700003C83 /* AirDropAvatar.swift */; };
/* End PBXBuildFile section */

/* Begin PBXFileReference section */
		1ECE48BA2895BBA600003C83 /* AirDrop.app */ = {isa = PBXFileReference; explicitFileType = wrapper.application; includeInIndex = 0; path = AirDrop.app; sourceTree = BUILT_PRODUCTS_DIR; };
		1ECE48BD2895BBA600003C83 /* AirDropApp.swift */ = {isa = PBXFileReference; lastKnownFileType = sourcecode.swift; path = AirDropApp.swift; sourceTree = "<group>"; };
		1ECE48BF2895BBA600003C83 /* ContentView.swift */ = {isa = PBXFileReference; lastKnownFileType = sourcecode.swift; path = ContentView.swift; sourceTree = "<group>"; };
		1ECE48C12895BBA900003C83 /* Assets.xcassets */ = {isa = PBXFileReference; lastKnownFileType = folder.assetcatalog; path = Assets.xcassets; sourceTree = "<group>"; };
		1ECE48C32895BBA900003C83 /* AirDrop.entitlements */ = {isa = PBXFileReference; lastKnownFileType = text.plist.entitlements; path = AirDrop.entitlements; sourceTree = "<group>"; };
		1ECE48C52895BBA900003C83 /* Preview Assets.xcassets */ = {isa = PBXFileReference; lastKnownFileType = folder.assetcatalog; path = "Preview Assets.xcassets"; sourceTree = "<group>"; };
		1ECE48CE2895D10B00003C83 /* AirDropAvatarViewModel.swift */ = {isa = PBXFileReference; lastKnownFileType = sourcecode.swift; path = AirDropAvatarViewModel.swift; sourceTree = "<group>"; };
		1ECE48D42895F10D00003C83 /* Task+sleep.swift */ = {isa = PBXFileReference; lastKnownFileType = sourcecode.swift; path = "Task+sleep.swift"; sourceTree = "<group>"; };
		1ECE48DA2895FCE000003C83 /* RingProgressViewStyle.swift */ = {isa = PBXFileReference; lastKnownFileType = sourcecode.swift; path = RingProgressViewStyle.swift; sourceTree = "<group>"; };
		1ECE48DC2896049700003C83 /* AirDropAvatar.swift */ = {isa = PBXFileReference; lastKnownFileType = sourcecode.swift; path = AirDropAvatar.swift; sourceTree = "<group>"; };
/* End PBXFileReference section */

/* Begin PBXFrameworksBuildPhase section */
		1ECE48B72895BBA600003C83 /* Frameworks */ = {
			isa = PBXFrameworksBuildPhase;
			buildActionMask = 2147483647;
			files = (
			);
			runOnlyForDeploymentPostprocessing = 0;
		};
/* End PBXFrameworksBuildPhase section */

/* Begin PBXGroup section */
		1E09BFAF28979FAB00C4F88B /* Styles */ = {
			isa = PBXGroup;
			children = (
				1ECE48DA2895FCE000003C83 /* RingProgressViewStyle.swift */,
			);
			path = Styles;
			sourceTree = "<group>";
		};
		1ECE48B12895BBA600003C83 = {
			isa = PBXGroup;
			children = (
				1ECE48BC2895BBA600003C83 /* AirDrop */,
				1ECE48BB2895BBA600003C83 /* Products */,
			);
			sourceTree = "<group>";
		};
		1ECE48BB2895BBA600003C83 /* Products */ = {
			isa = PBXGroup;
			children = (
				1ECE48BA2895BBA600003C83 /* AirDrop.app */,
			);
			name = Products;
			sourceTree = "<group>";
		};
		1ECE48BC2895BBA600003C83 /* AirDrop */ = {
			isa = PBXGroup;
			children = (
				1ECE48C32895BBA900003C83 /* AirDrop.entitlements */,
				1ECE48BD2895BBA600003C83 /* AirDropApp.swift */,
				1ECE48C12895BBA900003C83 /* Assets.xcassets */,
				1ECE48BF2895BBA600003C83 /* ContentView.swift */,
				1ECE48C42895BBA900003C83 /* Preview Content */,
				1ECE48D22895F0ED00003C83 /* Utilities */,
			);
			path = AirDrop;
			sourceTree = "<group>";
		};
		1ECE48C42895BBA900003C83 /* Preview Content */ = {
			isa = PBXGroup;
			children = (
				1ECE48C52895BBA900003C83 /* Preview Assets.xcassets */,
			);
			path = "Preview Content";
			sourceTree = "<group>";
		};
		1ECE48D22895F0ED00003C83 /* Utilities */ = {
			isa = PBXGroup;
			children = (
				1ECE48D32895F0F400003C83 /* Extensions */,
				1ECE48D72895F7E500003C83 /* Models */,
				1E09BFAF28979FAB00C4F88B /* Styles */,
				1ECE48D62895F3FE00003C83 /* Views */,
			);
			path = Utilities;
			sourceTree = "<group>";
		};
		1ECE48D32895F0F400003C83 /* Extensions */ = {
			isa = PBXGroup;
			children = (
				1ECE48D42895F10D00003C83 /* Task+sleep.swift */,
			);
			path = Extensions;
			sourceTree = "<group>";
		};
		1ECE48D62895F3FE00003C83 /* Views */ = {
			isa = PBXGroup;
			children = (
				1ECE48DC2896049700003C83 /* AirDropAvatar.swift */,
			);
			path = Views;
			sourceTree = "<group>";
		};
		1ECE48D72895F7E500003C83 /* Models */ = {
			isa = PBXGroup;
			children = (
				1ECE48CE2895D10B00003C83 /* AirDropAvatarViewModel.swift */,
			);
			path = Models;
			sourceTree = "<group>";
		};
/* End PBXGroup section */

/* Begin PBXNativeTarget section */
		1ECE48B92895BBA600003C83 /* AirDrop */ = {
			isa = PBXNativeTarget;
			buildConfigurationList = 1ECE48C92895BBA900003C83 /* Build configuration list for PBXNativeTarget "AirDrop" */;
			buildPhases = (
				1ECE48B62895BBA600003C83 /* Sources */,
				1ECE48B72895BBA600003C83 /* Frameworks */,
				1ECE48B82895BBA600003C83 /* Resources */,
			);
			buildRules = (
			);
			dependencies = (
			);
			name = AirDrop;
			productName = AirDrop;
			productReference = 1ECE48BA2895BBA600003C83 /* AirDrop.app */;
			productType = "com.apple.product-type.application";
		};
/* End PBXNativeTarget section */

/* Begin PBXProject section */
		1ECE48B22895BBA600003C83 /* Project object */ = {
			isa = PBXProject;
			attributes = {
				BuildIndependentTargetsInParallel = 1;
				LastSwiftUpdateCheck = 1400;
				LastUpgradeCheck = 1400;
				TargetAttributes = {
					1ECE48B92895BBA600003C83 = {
						CreatedOnToolsVersion = 14.0;
					};
				};
			};
			buildConfigurationList = 1ECE48B52895BBA600003C83 /* Build configuration list for PBXProject "AirDrop" */;
			compatibilityVersion = "Xcode 14.0";
			developmentRegion = en;
			hasScannedForEncodings = 0;
			knownRegions = (
				en,
				Base,
			);
			mainGroup = 1ECE48B12895BBA600003C83;
			productRefGroup = 1ECE48BB2895BBA600003C83 /* Products */;
			projectDirPath = "";
			projectRoot = "";
			targets = (
				1ECE48B92895BBA600003C83 /* AirDrop */,
			);
		};
/* End PBXProject section */

/* Begin PBXResourcesBuildPhase section */
		1ECE48B82895BBA600003C83 /* Resources */ = {
			isa = PBXResourcesBuildPhase;
			buildActionMask = 2147483647;
			files = (
				1ECE48C62895BBA900003C83 /* Preview Assets.xcassets in Resources */,
				1ECE48C22895BBA900003C83 /* Assets.xcassets in Resources */,
			);
			runOnlyForDeploymentPostprocessing = 0;
		};
/* End PBXResourcesBuildPhase section */

/* Begin PBXSourcesBuildPhase section */
		1ECE48B62895BBA600003C83 /* Sources */ = {
			isa = PBXSourcesBuildPhase;
			buildActionMask = 2147483647;
			files = (
				1ECE48DD2896049700003C83 /* AirDropAvatar.swift in Sources */,
				1ECE48D52895F10D00003C83 /* Task+sleep.swift in Sources */,
				1ECE48C02895BBA600003C83 /* ContentView.swift in Sources */,
				1ECE48BE2895BBA600003C83 /* AirDropApp.swift in Sources */,
				1ECE48DB2895FCE000003C83 /* RingProgressViewStyle.swift in Sources */,
				1ECE48CF2895D10B00003C83 /* AirDropAvatarViewModel.swift in Sources */,
			);
			runOnlyForDeploymentPostprocessing = 0;
		};
/* End PBXSourcesBuildPhase section */

/* Begin XCBuildConfiguration section */
		1ECE48C72895BBA900003C83 /* Debug */ = {
			isa = XCBuildConfiguration;
			buildSettings = {
				ALWAYS_SEARCH_USER_PATHS = NO;
				CLANG_ANALYZER_NONNULL = YES;
				CLANG_ANALYZER_NUMBER_OBJECT_CONVERSION = YES_AGGRESSIVE;
				CLANG_CXX_LANGUAGE_STANDARD = "gnu++20";
				CLANG_ENABLE_MODULES = YES;
				CLANG_ENABLE_OBJC_ARC = YES;
				CLANG_ENABLE_OBJC_WEAK = YES;
				CLANG_WARN_BLOCK_CAPTURE_AUTORELEASING = YES;
				CLANG_WARN_BOOL_CONVERSION = YES;
				CLANG_WARN_COMMA = YES;
				CLANG_WARN_CONSTANT_CONVERSION = YES;
				CLANG_WARN_DEPRECATED_OBJC_IMPLEMENTATIONS = YES;
				CLANG_WARN_DIRECT_OBJC_ISA_USAGE = YES_ERROR;
				CLANG_WARN_DOCUMENTATION_COMMENTS = YES;
				CLANG_WARN_EMPTY_BODY = YES;
				CLANG_WARN_ENUM_CONVERSION = YES;
				CLANG_WARN_INFINITE_RECURSION = YES;
				CLANG_WARN_INT_CONVERSION = YES;
				CLANG_WARN_NON_LITERAL_NULL_CONVERSION = YES;
				CLANG_WARN_OBJC_IMPLICIT_RETAIN_SELF = YES;
				CLANG_WARN_OBJC_LITERAL_CONVERSION = YES;
				CLANG_WARN_OBJC_ROOT_CLASS = YES_ERROR;
				CLANG_WARN_QUOTED_INCLUDE_IN_FRAMEWORK_HEADER = YES;
				CLANG_WARN_RANGE_LOOP_ANALYSIS = YES;
				CLANG_WARN_STRICT_PROTOTYPES = YES;
				CLANG_WARN_SUSPICIOUS_MOVE = YES;
				CLANG_WARN_UNGUARDED_AVAILABILITY = YES_AGGRESSIVE;
				CLANG_WARN_UNREACHABLE_CODE = YES;
				CLANG_WARN__DUPLICATE_METHOD_MATCH = YES;
				COPY_PHASE_STRIP = NO;
				DEBUG_INFORMATION_FORMAT = dwarf;
				ENABLE_STRICT_OBJC_MSGSEND = YES;
				ENABLE_TESTABILITY = YES;
				GCC_C_LANGUAGE_STANDARD = gnu11;
				GCC_DYNAMIC_NO_PIC = NO;
				GCC_NO_COMMON_BLOCKS = YES;
				GCC_OPTIMIZATION_LEVEL = 0;
				GCC_PREPROCESSOR_DEFINITIONS = (
					"DEBUG=1",
					"$(inherited)",
				);
				GCC_WARN_64_TO_32_BIT_CONVERSION = YES;
				GCC_WARN_ABOUT_RETURN_TYPE = YES_ERROR;
				GCC_WARN_UNDECLARED_SELECTOR = YES;
				GCC_WARN_UNINITIALIZED_AUTOS = YES_AGGRESSIVE;
				GCC_WARN_UNUSED_FUNCTION = YES;
				GCC_WARN_UNUSED_VARIABLE = YES;
				MTL_ENABLE_DEBUG_INFO = INCLUDE_SOURCE;
				MTL_FAST_MATH = YES;
				ONLY_ACTIVE_ARCH = YES;
				SWIFT_ACTIVE_COMPILATION_CONDITIONS = DEBUG;
				SWIFT_OPTIMIZATION_LEVEL = "-Onone";
			};
			name = Debug;
		};
		1ECE48C82895BBA900003C83 /* Release */ = {
			isa = XCBuildConfiguration;
			buildSettings = {
				ALWAYS_SEARCH_USER_PATHS = NO;
				CLANG_ANALYZER_NONNULL = YES;
				CLANG_ANALYZER_NUMBER_OBJECT_CONVERSION = YES_AGGRESSIVE;
				CLANG_CXX_LANGUAGE_STANDARD = "gnu++20";
				CLANG_ENABLE_MODULES = YES;
				CLANG_ENABLE_OBJC_ARC = YES;
				CLANG_ENABLE_OBJC_WEAK = YES;
				CLANG_WARN_BLOCK_CAPTURE_AUTORELEASING = YES;
				CLANG_WARN_BOOL_CONVERSION = YES;
				CLANG_WARN_COMMA = YES;
				CLANG_WARN_CONSTANT_CONVERSION = YES;
				CLANG_WARN_DEPRECATED_OBJC_IMPLEMENTATIONS = YES;
				CLANG_WARN_DIRECT_OBJC_ISA_USAGE = YES_ERROR;
				CLANG_WARN_DOCUMENTATION_COMMENTS = YES;
				CLANG_WARN_EMPTY_BODY = YES;
				CLANG_WARN_ENUM_CONVERSION = YES;
				CLANG_WARN_INFINITE_RECURSION = YES;
				CLANG_WARN_INT_CONVERSION = YES;
				CLANG_WARN_NON_LITERAL_NULL_CONVERSION = YES;
				CLANG_WARN_OBJC_IMPLICIT_RETAIN_SELF = YES;
				CLANG_WARN_OBJC_LITERAL_CONVERSION = YES;
				CLANG_WARN_OBJC_ROOT_CLASS = YES_ERROR;
				CLANG_WARN_QUOTED_INCLUDE_IN_FRAMEWORK_HEADER = YES;
				CLANG_WARN_RANGE_LOOP_ANALYSIS = YES;
				CLANG_WARN_STRICT_PROTOTYPES = YES;
				CLANG_WARN_SUSPICIOUS_MOVE = YES;
				CLANG_WARN_UNGUARDED_AVAILABILITY = YES_AGGRESSIVE;
				CLANG_WARN_UNREACHABLE_CODE = YES;
				CLANG_WARN__DUPLICATE_METHOD_MATCH = YES;
				COPY_PHASE_STRIP = NO;
				DEBUG_INFORMATION_FORMAT = "dwarf-with-dsym";
				ENABLE_NS_ASSERTIONS = NO;
				ENABLE_STRICT_OBJC_MSGSEND = YES;
				GCC_C_LANGUAGE_STANDARD = gnu11;
				GCC_NO_COMMON_BLOCKS = YES;
				GCC_WARN_64_TO_32_BIT_CONVERSION = YES;
				GCC_WARN_ABOUT_RETURN_TYPE = YES_ERROR;
				GCC_WARN_UNDECLARED_SELECTOR = YES;
				GCC_WARN_UNINITIALIZED_AUTOS = YES_AGGRESSIVE;
				GCC_WARN_UNUSED_FUNCTION = YES;
				GCC_WARN_UNUSED_VARIABLE = YES;
				MTL_ENABLE_DEBUG_INFO = NO;
				MTL_FAST_MATH = YES;
				SWIFT_COMPILATION_MODE = wholemodule;
				SWIFT_OPTIMIZATION_LEVEL = "-O";
			};
			name = Release;
		};
		1ECE48CA2895BBA900003C83 /* Debug */ = {
			isa = XCBuildConfiguration;
			buildSettings = {
				ASSETCATALOG_COMPILER_APPICON_NAME = AppIcon;
				ASSETCATALOG_COMPILER_GLOBAL_ACCENT_COLOR_NAME = AccentColor;
				CODE_SIGN_ENTITLEMENTS = AirDrop/AirDrop.entitlements;
				CODE_SIGN_STYLE = Automatic;
				CURRENT_PROJECT_VERSION = 1;
				DEVELOPMENT_ASSET_PATHS = "\"AirDrop/Preview Content\"";
				DEVELOPMENT_TEAM = P2XQ53GW66;
				ENABLE_HARDENED_RUNTIME = YES;
				ENABLE_PREVIEWS = YES;
				GENERATE_INFOPLIST_FILE = YES;
				"INFOPLIST_KEY_UIApplicationSceneManifest_Generation[sdk=iphoneos*]" = YES;
				"INFOPLIST_KEY_UIApplicationSceneManifest_Generation[sdk=iphonesimulator*]" = YES;
				"INFOPLIST_KEY_UIApplicationSupportsIndirectInputEvents[sdk=iphoneos*]" = YES;
				"INFOPLIST_KEY_UIApplicationSupportsIndirectInputEvents[sdk=iphonesimulator*]" = YES;
				"INFOPLIST_KEY_UILaunchScreen_Generation[sdk=iphoneos*]" = YES;
				"INFOPLIST_KEY_UILaunchScreen_Generation[sdk=iphonesimulator*]" = YES;
				INFOPLIST_KEY_UISupportedInterfaceOrientations_iPad = "UIInterfaceOrientationPortrait UIInterfaceOrientationPortraitUpsideDown UIInterfaceOrientationLandscapeLeft UIInterfaceOrientationLandscapeRight";
				INFOPLIST_KEY_UISupportedInterfaceOrientations_iPhone = "UIInterfaceOrientationPortrait UIInterfaceOrientationLandscapeLeft UIInterfaceOrientationLandscapeRight";
				IPHONEOS_DEPLOYMENT_TARGET = 16.0;
				LD_RUNPATH_SEARCH_PATHS = "@executable_path/Frameworks";
				"LD_RUNPATH_SEARCH_PATHS[sdk=macosx*]" = "@executable_path/../Frameworks";
				MACOSX_DEPLOYMENT_TARGET = 13.0;
				MARKETING_VERSION = 1.0;
				PRODUCT_BUNDLE_IDENTIFIER = com.simalary.AirDrop;
				PRODUCT_NAME = "$(TARGET_NAME)";
				SDKROOT = auto;
				SUPPORTED_PLATFORMS = "iphoneos iphonesimulator macosx";
				SWIFT_EMIT_LOC_STRINGS = YES;
				SWIFT_VERSION = 5.0;
				TARGETED_DEVICE_FAMILY = "1,2";
			};
			name = Debug;
		};
		1ECE48CB2895BBA900003C83 /* Release */ = {
			isa = XCBuildConfiguration;
			buildSettings = {
				ASSETCATALOG_COMPILER_APPICON_NAME = AppIcon;
				ASSETCATALOG_COMPILER_GLOBAL_ACCENT_COLOR_NAME = AccentColor;
				CODE_SIGN_ENTITLEMENTS = AirDrop/AirDrop.entitlements;
				CODE_SIGN_STYLE = Automatic;
				CURRENT_PROJECT_VERSION = 1;
				DEVELOPMENT_ASSET_PATHS = "\"AirDrop/Preview Content\"";
				DEVELOPMENT_TEAM = P2XQ53GW66;
				ENABLE_HARDENED_RUNTIME = YES;
				ENABLE_PREVIEWS = YES;
				GENERATE_INFOPLIST_FILE = YES;
				"INFOPLIST_KEY_UIApplicationSceneManifest_Generation[sdk=iphoneos*]" = YES;
				"INFOPLIST_KEY_UIApplicationSceneManifest_Generation[sdk=iphonesimulator*]" = YES;
				"INFOPLIST_KEY_UIApplicationSupportsIndirectInputEvents[sdk=iphoneos*]" = YES;
				"INFOPLIST_KEY_UIApplicationSupportsIndirectInputEvents[sdk=iphonesimulator*]" = YES;
				"INFOPLIST_KEY_UILaunchScreen_Generation[sdk=iphoneos*]" = YES;
				"INFOPLIST_KEY_UILaunchScreen_Generation[sdk=iphonesimulator*]" = YES;
				INFOPLIST_KEY_UISupportedInterfaceOrientations_iPad = "UIInterfaceOrientationPortrait UIInterfaceOrientationPortraitUpsideDown UIInterfaceOrientationLandscapeLeft UIInterfaceOrientationLandscapeRight";
				INFOPLIST_KEY_UISupportedInterfaceOrientations_iPhone = "UIInterfaceOrientationPortrait UIInterfaceOrientationLandscapeLeft UIInterfaceOrientationLandscapeRight";
				IPHONEOS_DEPLOYMENT_TARGET = 16.0;
				LD_RUNPATH_SEARCH_PATHS = "@executable_path/Frameworks";
				"LD_RUNPATH_SEARCH_PATHS[sdk=macosx*]" = "@executable_path/../Frameworks";
				MACOSX_DEPLOYMENT_TARGET = 13.0;
				MARKETING_VERSION = 1.0;
				PRODUCT_BUNDLE_IDENTIFIER = com.simalary.AirDrop;
				PRODUCT_NAME = "$(TARGET_NAME)";
				SDKROOT = auto;
				SUPPORTED_PLATFORMS = "iphoneos iphonesimulator macosx";
				SWIFT_EMIT_LOC_STRINGS = YES;
				SWIFT_VERSION = 5.0;
				TARGETED_DEVICE_FAMILY = "1,2";
			};
			name = Release;
		};
/* End XCBuildConfiguration section */

/* Begin XCConfigurationList section */
		1ECE48B52895BBA600003C83 /* Build configuration list for PBXProject "AirDrop" */ = {
			isa = XCConfigurationList;
			buildConfigurations = (
				1ECE48C72895BBA900003C83 /* Debug */,
				1ECE48C82895BBA900003C83 /* Release */,
			);
			defaultConfigurationIsVisible = 0;
			defaultConfigurationName = Release;
		};
		1ECE48C92895BBA900003C83 /* Build configuration list for PBXNativeTarget "AirDrop" */ = {
			isa = XCConfigurationList;
			buildConfigurations = (
				1ECE48CA2895BBA900003C83 /* Debug */,
				1ECE48CB2895BBA900003C83 /* Release */,
			);
			defaultConfigurationIsVisible = 0;
			defaultConfigurationName = Release;
		};
/* End XCConfigurationList section */
	};
	rootObject = 1ECE48B22895BBA600003C83 /* Project object */;
}
